%{"earmark": {:hex, :earmark, "1.0.1"},
  "ex_doc": {:hex, :ex_doc, "0.13.0"},
  "hamcrest": {:hex, :hamcrest, "0.1.2"},
  "linguist": {:hex, :linguist, "0.1.5"},
  "meck": {:hex, :meck, "0.8.4"},
  "pooler": {:hex, :pooler, "1.5.0"},
  "protobuffs": {:hex, :protobuffs, "0.8.4"},
  "riak_pb": {:hex, :riak_pb, "2.1.4"},
  "riakc": {:hex, :riakc, "2.4.1"}}
